
Microsoft Visual Studio Solution File, Format Version 12.00
# Visual Studio 15
VisualStudioVersion = 15.0.27703.2026
MinimumVisualStudioVersion = 10.0.40219.1
Project("{FAE04EC0-301F-11D3-BF4B-00C04F79EFBC}") = "RecursivaProjectWeb", "RecursivaProjectWeb\RecursivaProjectWeb.csproj", "{6AAD751C-DC51-4965-AFF5-18B560727171}"
EndProject
Global
	GlobalSection(SolutionConfigurationPlatforms) = preSolution
		Debug|Any CPU = Debug|Any CPU
		Release|Any CPU = Release|Any CPU
	EndGlobalSection
	GlobalSection(ProjectConfigurationPlatforms) = postSolution
		{6AAD751C-DC51-4965-AFF5-18B560727171}.Debug|Any CPU.ActiveCfg = Debug|Any CPU
		{6AAD751C-DC51-4965-AFF5-18B560727171}.Debug|Any CPU.Build.0 = Debug|Any CPU
		{6AAD751C-DC51-4965-AFF5-18B560727171}.Release|Any CPU.ActiveCfg = Release|Any CPU
		{6AAD751C-DC51-4965-AFF5-18B560727171}.Release|Any CPU.Build.0 = Release|Any CPU
	EndGlobalSection
	GlobalSection(SolutionProperties) = preSolution
		HideSolutionNode = FALSE
	EndGlobalSection
	GlobalSection(ExtensibilityGlobals) = postSolution
		SolutionGuid = {0197E3BE-CB42-4EFE-BCF3-9E7CF42F581F}
	EndGlobalSection
EndGlobal
